
Microsoft Visual Studio Solution File, Format Version 12.00
# Visual Studio Version 16
VisualStudioVersion = 16.0.30907.101
MinimumVisualStudioVersion = 10.0.40219.1
Project("{FAE04EC0-301F-11D3-BF4B-00C04F79EFBC}") = "BootcampExamProjectMVC", "BootcampExamProjectMVC\BootcampExamProjectMVC.csproj", "{9EDCB617-4801-4777-912C-5FE10AECFD3A}"
EndProject
Global
	GlobalSection(SolutionConfigurationPlatforms) = preSolution
		Debug|Any CPU = Debug|Any CPU
		Release|Any CPU = Release|Any CPU
	EndGlobalSection
	GlobalSection(ProjectConfigurationPlatforms) = postSolution
		{9EDCB617-4801-4777-912C-5FE10AECFD3A}.Debug|Any CPU.ActiveCfg = Debug|Any CPU
		{9EDCB617-4801-4777-912C-5FE10AECFD3A}.Debug|Any CPU.Build.0 = Debug|Any CPU
		{9EDCB617-4801-4777-912C-5FE10AECFD3A}.Release|Any CPU.ActiveCfg = Release|Any CPU
		{9EDCB617-4801-4777-912C-5FE10AECFD3A}.Release|Any CPU.Build.0 = Release|Any CPU
	EndGlobalSection
	GlobalSection(SolutionProperties) = preSolution
		HideSolutionNode = FALSE
	EndGlobalSection
	GlobalSection(ExtensibilityGlobals) = postSolution
		SolutionGuid = {5472AF5C-F30B-408C-B00E-9C418A5D9398}
	EndGlobalSection
EndGlobal
